PODS:
  - Alamofire (4.8.0)
  - Eureka (4.3.0)
  - ImageRow (3.2.0):
    - Eureka (~> 4.3)
  - SwiftyJSON (4.2.0)
  - XLPagerTabStrip (8.1.0)

DEPENDENCIES:
  - Alamofire
  - Eureka
  - ImageRow
  - SwiftyJSON
  - XLPagerTabStrip

SPEC REPOS:
  https://github.com/cocoapods/specs.git:
    - Alamofire
    - Eureka
    - ImageRow
    - SwiftyJSON
    - XLPagerTabStrip

SPEC CHECKSUMS:
  Alamofire: 3ec537f71edc9804815215393ae2b1a8ea33a844
  Eureka: 6d711cb30ca333b4bc893110285a722ae3840114
  ImageRow: 03681b3ef8034b5a649440325f5d5ba7b22c1b0a
  SwiftyJSON: c4bcba26dd9ec7a027fc8eade48e2c911f229e96
  XLPagerTabStrip: 22d4c58200d7c105e0e407ab6bfd01a5d85014be

PODFILE CHECKSUM: 426b0d04912f57a4556d976e304a401db08ba8f6

COCOAPODS: 1.5.3
