// !$*UTF8*$!
{
	archiveVersion = 1;
	classes = {
	};
	objectVersion = 50;
	objects = {

/* Begin PBXBuildFile section */
		6C1A680921F01EDD00C3FA6F /* MainViewController.swift in Sources */ = {isa = PBXBuildFile; fileRef = 6C1A680821F01EDD00C3FA6F /* MainViewController.swift */; };
		6C1A681121F0220000C3FA6F /* IdealViewController.swift in Sources */ = {isa = PBXBuildFile; fileRef = 6C1A681021F0220000C3FA6F /* IdealViewController.swift */; };
		6C3399A321E6E1A500AA6F0E /* UserImagePreviewTableViewCell.swift in Sources */ = {isa = PBXBuildFile; fileRef = 6C3399A121E6E1A500AA6F0E /* UserImagePreviewTableViewCell.swift */; };
		6C3399A421E6E1A500AA6F0E /* UserImagePreviewTableViewCell.xib in Resources */ = {isa = PBXBuildFile; fileRef = 6C3399A221E6E1A500AA6F0E /* UserImagePreviewTableViewCell.xib */; };
		6C49D76E21E1FFEF00EB7024 /* AppDelegate.swift in Sources */ = {isa = PBXBuildFile; fileRef = 6C49D76D21E1FFEF00EB7024 /* AppDelegate.swift */; };
		6C49D77021E1FFEF00EB7024 /* ViewController.swift in Sources */ = {isa = PBXBuildFile; fileRef = 6C49D76F21E1FFEF00EB7024 /* ViewController.swift */; };
		6C49D77321E1FFEF00EB7024 /* Main.storyboard in Resources */ = {isa = PBXBuildFile; fileRef = 6C49D77121E1FFEF00EB7024 /* Main.storyboard */; };
		6C49D77521E1FFF100EB7024 /* Assets.xcassets in Resources */ = {isa = PBXBuildFile; fileRef = 6C49D77421E1FFF100EB7024 /* Assets.xcassets */; };
		6C49D77821E1FFF100EB7024 /* LaunchScreen.storyboard in Resources */ = {isa = PBXBuildFile; fileRef = 6C49D77621E1FFF100EB7024 /* LaunchScreen.storyboard */; };
		6C49D78021E20A3600EB7024 /* RegisterPageViewController.swift in Sources */ = {isa = PBXBuildFile; fileRef = 6C49D77F21E20A3600EB7024 /* RegisterPageViewController.swift */; };
		6C49D78221E2290500EB7024 /* LoginViewController.swift in Sources */ = {isa = PBXBuildFile; fileRef = 6C49D78121E2290500EB7024 /* LoginViewController.swift */; };
		6C4DE80121E62499003BEDCD /* UserProfileViewController.swift in Sources */ = {isa = PBXBuildFile; fileRef = 6C4DE80021E62499003BEDCD /* UserProfileViewController.swift */; };
		6C5E210221F89830009708CD /* rose.jpg in Resources */ = {isa = PBXBuildFile; fileRef = 6C5E20FC21F8982F009708CD /* rose.jpg */; };
		6C5E210321F89830009708CD /* ueeda.jpg in Resources */ = {isa = PBXBuildFile; fileRef = 6C5E20FD21F8982F009708CD /* ueeda.jpg */; };
		6C5E210421F89830009708CD /* ueeda2.jpg in Resources */ = {isa = PBXBuildFile; fileRef = 6C5E20FE21F8982F009708CD /* ueeda2.jpg */; };
		6C5E210521F89830009708CD /* ain.jpg in Resources */ = {isa = PBXBuildFile; fileRef = 6C5E20FF21F8982F009708CD /* ain.jpg */; };
		6C5E210621F89830009708CD /* joy.jpg in Resources */ = {isa = PBXBuildFile; fileRef = 6C5E210021F8982F009708CD /* joy.jpg */; };
		6C5E210721F89830009708CD /* jihyo.jpg in Resources */ = {isa = PBXBuildFile; fileRef = 6C5E210121F89830009708CD /* jihyo.jpg */; };
		6C5E210A21F89877009708CD /* RoundUIView.swift in Sources */ = {isa = PBXBuildFile; fileRef = 6C5E210921F89877009708CD /* RoundUIView.swift */; };
		6C5E210C21F8988D009708CD /* ChoiceViewController.swift in Sources */ = {isa = PBXBuildFile; fileRef = 6C5E210B21F8988D009708CD /* ChoiceViewController.swift */; };
		6C5E210E21F8989C009708CD /* Choice.storyboard in Resources */ = {isa = PBXBuildFile; fileRef = 6C5E210D21F8989C009708CD /* Choice.storyboard */; };
		6C89303921E24F450092C6DD /* TitleViewController.swift in Sources */ = {isa = PBXBuildFile; fileRef = 6C89303821E24F450092C6DD /* TitleViewController.swift */; };
		6C89303B21E285B50092C6DD /* RegisterPage1ViewController.swift in Sources */ = {isa = PBXBuildFile; fileRef = 6C89303A21E285B50092C6DD /* RegisterPage1ViewController.swift */; };
		6CB6F57021ECF65100F0EF93 /* MyTabBarController.swift in Sources */ = {isa = PBXBuildFile; fileRef = 6CB6F56F21ECF65100F0EF93 /* MyTabBarController.swift */; };
		6CC34DEB21F6AAFC00FCDAF0 /* ProfileViewController.swift in Sources */ = {isa = PBXBuildFile; fileRef = 6CC34DEA21F6AAFC00FCDAF0 /* ProfileViewController.swift */; };
		6CC34DEF21F6AB7900FCDAF0 /* UserIdealViewController.swift in Sources */ = {isa = PBXBuildFile; fileRef = 6CC34DEE21F6AB7900FCDAF0 /* UserIdealViewController.swift */; };
		6CD6DF9621EB0DBC0072F2FA /* EurekaViewController.swift in Sources */ = {isa = PBXBuildFile; fileRef = 6CD6DF9521EB0DBC0072F2FA /* EurekaViewController.swift */; };
		6CEBBD7821E3643B00DD8611 /* DatePickerKeyboard.swift in Sources */ = {isa = PBXBuildFile; fileRef = 6CEBBD7721E3643B00DD8611 /* DatePickerKeyboard.swift */; };
		6CEBBD7A21E367E000DD8611 /* SexPickerKeyboard.swift in Sources */ = {isa = PBXBuildFile; fileRef = 6CEBBD7921E367E000DD8611 /* SexPickerKeyboard.swift */; };
		6CEBBD7C21E3739800DD8611 /* PrefecturesPickerKeyboard.swift in Sources */ = {isa = PBXBuildFile; fileRef = 6CEBBD7B21E3739800DD8611 /* PrefecturesPickerKeyboard.swift */; };
		6CEBBD7E21E3856800DD8611 /* ImageSelectViewController.swift in Sources */ = {isa = PBXBuildFile; fileRef = 6CEBBD7D21E3856800DD8611 /* ImageSelectViewController.swift */; };
		6CF5BC8821F69ACC0005EA9A /* UserPageViewController.swift in Sources */ = {isa = PBXBuildFile; fileRef = 6CF5BC8721F69ACC0005EA9A /* UserPageViewController.swift */; };
		D162B589DD70CE90D5661C49 /* Pods_weet.framework in Frameworks */ = {isa = PBXBuildFile; fileRef = CC62C5E30CEA860FE9D0728C /* Pods_weet.framework */; };
/* End PBXBuildFile section */

/* Begin PBXFileReference section */
		6C1A680821F01EDD00C3FA6F /* MainViewController.swift */ = {isa = PBXFileReference; lastKnownFileType = sourcecode.swift; path = MainViewController.swift; sourceTree = "<group>"; };
		6C1A681021F0220000C3FA6F /* IdealViewController.swift */ = {isa = PBXFileReference; lastKnownFileType = sourcecode.swift; path = IdealViewController.swift; sourceTree = "<group>"; };
		6C3399A121E6E1A500AA6F0E /* UserImagePreviewTableViewCell.swift */ = {isa = PBXFileReference; lastKnownFileType = sourcecode.swift; path = UserImagePreviewTableViewCell.swift; sourceTree = "<group>"; };
		6C3399A221E6E1A500AA6F0E /* UserImagePreviewTableViewCell.xib */ = {isa = PBXFileReference; lastKnownFileType = file.xib; path = UserImagePreviewTableViewCell.xib; sourceTree = "<group>"; };
		6C49D76A21E1FFEF00EB7024 /* weet.app */ = {isa = PBXFileReference; explicitFileType = wrapper.application; includeInIndex = 0; path = weet.app; sourceTree = BUILT_PRODUCTS_DIR; };
		6C49D76D21E1FFEF00EB7024 /* AppDelegate.swift */ = {isa = PBXFileReference; lastKnownFileType = sourcecode.swift; path = AppDelegate.swift; sourceTree = "<group>"; };
		6C49D76F21E1FFEF00EB7024 /* ViewController.swift */ = {isa = PBXFileReference; lastKnownFileType = sourcecode.swift; path = ViewController.swift; sourceTree = "<group>"; };
		6C49D77221E1FFEF00EB7024 /* Base */ = {isa = PBXFileReference; lastKnownFileType = file.storyboard; name = Base; path = Base.lproj/Main.storyboard; sourceTree = "<group>"; };
		6C49D77421E1FFF100EB7024 /* Assets.xcassets */ = {isa = PBXFileReference; lastKnownFileType = folder.assetcatalog; path = Assets.xcassets; sourceTree = "<group>"; };
		6C49D77721E1FFF100EB7024 /* Base */ = {isa = PBXFileReference; lastKnownFileType = file.storyboard; name = Base; path = Base.lproj/LaunchScreen.storyboard; sourceTree = "<group>"; };
		6C49D77921E1FFF100EB7024 /* Info.plist */ = {isa = PBXFileReference; lastKnownFileType = text.plist.xml; path = Info.plist; sourceTree = "<group>"; };
		6C49D77F21E20A3600EB7024 /* RegisterPageViewController.swift */ = {isa = PBXFileReference; lastKnownFileType = sourcecode.swift; path = RegisterPageViewController.swift; sourceTree = "<group>"; };
		6C49D78121E2290500EB7024 /* LoginViewController.swift */ = {isa = PBXFileReference; lastKnownFileType = sourcecode.swift; path = LoginViewController.swift; sourceTree = "<group>"; };
		6C4DE80021E62499003BEDCD /* UserProfileViewController.swift */ = {isa = PBXFileReference; lastKnownFileType = sourcecode.swift; path = UserProfileViewController.swift; sourceTree = "<group>"; };
		6C5E20FC21F8982F009708CD /* rose.jpg */ = {isa = PBXFileReference; lastKnownFileType = image.jpeg; path = rose.jpg; sourceTree = "<group>"; };
		6C5E20FD21F8982F009708CD /* ueeda.jpg */ = {isa = PBXFileReference; lastKnownFileType = image.jpeg; path = ueeda.jpg; sourceTree = "<group>"; };
		6C5E20FE21F8982F009708CD /* ueeda2.jpg */ = {isa = PBXFileReference; lastKnownFileType = image.jpeg; path = ueeda2.jpg; sourceTree = "<group>"; };
		6C5E20FF21F8982F009708CD /* ain.jpg */ = {isa = PBXFileReference; lastKnownFileType = image.jpeg; path = ain.jpg; sourceTree = "<group>"; };
		6C5E210021F8982F009708CD /* joy.jpg */ = {isa = PBXFileReference; lastKnownFileType = image.jpeg; path = joy.jpg; sourceTree = "<group>"; };
		6C5E210121F89830009708CD /* jihyo.jpg */ = {isa = PBXFileReference; lastKnownFileType = image.jpeg; path = jihyo.jpg; sourceTree = "<group>"; };
		6C5E210921F89877009708CD /* RoundUIView.swift */ = {isa = PBXFileReference; fileEncoding = 4; lastKnownFileType = sourcecode.swift; path = RoundUIView.swift; sourceTree = "<group>"; };
		6C5E210B21F8988D009708CD /* ChoiceViewController.swift */ = {isa = PBXFileReference; fileEncoding = 4; lastKnownFileType = sourcecode.swift; path = ChoiceViewController.swift; sourceTree = "<group>"; };
		6C5E210D21F8989C009708CD /* Choice.storyboard */ = {isa = PBXFileReference; fileEncoding = 4; lastKnownFileType = file.storyboard; path = Choice.storyboard; sourceTree = "<group>"; };
		6C89303821E24F450092C6DD /* TitleViewController.swift */ = {isa = PBXFileReference; lastKnownFileType = sourcecode.swift; path = TitleViewController.swift; sourceTree = "<group>"; };
		6C89303A21E285B50092C6DD /* RegisterPage1ViewController.swift */ = {isa = PBXFileReference; lastKnownFileType = sourcecode.swift; path = RegisterPage1ViewController.swift; sourceTree = "<group>"; };
		6CB6F56F21ECF65100F0EF93 /* MyTabBarController.swift */ = {isa = PBXFileReference; lastKnownFileType = sourcecode.swift; path = MyTabBarController.swift; sourceTree = "<group>"; };
		6CC34DEA21F6AAFC00FCDAF0 /* ProfileViewController.swift */ = {isa = PBXFileReference; lastKnownFileType = sourcecode.swift; path = ProfileViewController.swift; sourceTree = "<group>"; };
		6CC34DEE21F6AB7900FCDAF0 /* UserIdealViewController.swift */ = {isa = PBXFileReference; lastKnownFileType = sourcecode.swift; path = UserIdealViewController.swift; sourceTree = "<group>"; };
		6CD6DF9521EB0DBC0072F2FA /* EurekaViewController.swift */ = {isa = PBXFileReference; lastKnownFileType = sourcecode.swift; path = EurekaViewController.swift; sourceTree = "<group>"; };
		6CEBBD7721E3643B00DD8611 /* DatePickerKeyboard.swift */ = {isa = PBXFileReference; lastKnownFileType = sourcecode.swift; path = DatePickerKeyboard.swift; sourceTree = "<group>"; };
		6CEBBD7921E367E000DD8611 /* SexPickerKeyboard.swift */ = {isa = PBXFileReference; lastKnownFileType = sourcecode.swift; path = SexPickerKeyboard.swift; sourceTree = "<group>"; };
		6CEBBD7B21E3739800DD8611 /* PrefecturesPickerKeyboard.swift */ = {isa = PBXFileReference; lastKnownFileType = sourcecode.swift; path = PrefecturesPickerKeyboard.swift; sourceTree = "<group>"; };
		6CEBBD7D21E3856800DD8611 /* ImageSelectViewController.swift */ = {isa = PBXFileReference; lastKnownFileType = sourcecode.swift; path = ImageSelectViewController.swift; sourceTree = "<group>"; };
		6CF5BC8721F69ACC0005EA9A /* UserPageViewController.swift */ = {isa = PBXFileReference; lastKnownFileType = sourcecode.swift; path = UserPageViewController.swift; sourceTree = "<group>"; };
		CC62C5E30CEA860FE9D0728C /* Pods_weet.framework */ = {isa = PBXFileReference; explicitFileType = wrapper.framework; includeInIndex = 0; path = Pods_weet.framework; sourceTree = BUILT_PRODUCTS_DIR; };
		E4AA610E3AE3D043B8AECD9E /* Pods-weet.debug.xcconfig */ = {isa = PBXFileReference; includeInIndex = 1; lastKnownFileType = text.xcconfig; name = "Pods-weet.debug.xcconfig"; path = "Pods/Target Support Files/Pods-weet/Pods-weet.debug.xcconfig"; sourceTree = "<group>"; };
		FD377E1E90577536FDDC14B1 /* Pods-weet.release.xcconfig */ = {isa = PBXFileReference; includeInIndex = 1; lastKnownFileType = text.xcconfig; name = "Pods-weet.release.xcconfig"; path = "Pods/Target Support Files/Pods-weet/Pods-weet.release.xcconfig"; sourceTree = "<group>"; };
/* End PBXFileReference section */

/* Begin PBXFrameworksBuildPhase section */
		6C49D76721E1FFEF00EB7024 /* Frameworks */ = {
			isa = PBXFrameworksBuildPhase;
			buildActionMask = 2147483647;
			files = (
				D162B589DD70CE90D5661C49 /* Pods_weet.framework in Frameworks */,
			);
			runOnlyForDeploymentPostprocessing = 0;
		};
/* End PBXFrameworksBuildPhase section */

/* Begin PBXGroup section */
		6C26F44121F897AB00F7FEC3 /* TestImages */ = {
			isa = PBXGroup;
			children = (
				6C5E20FF21F8982F009708CD /* ain.jpg */,
				6C5E210121F89830009708CD /* jihyo.jpg */,
				6C5E210021F8982F009708CD /* joy.jpg */,
				6C5E20FC21F8982F009708CD /* rose.jpg */,
				6C5E20FD21F8982F009708CD /* ueeda.jpg */,
				6C5E20FE21F8982F009708CD /* ueeda2.jpg */,
			);
			path = TestImages;
			sourceTree = "<group>";
		};
		6C49D76121E1FFEF00EB7024 = {
			isa = PBXGroup;
			children = (
				6C49D76C21E1FFEF00EB7024 /* weet */,
				6C49D76B21E1FFEF00EB7024 /* Products */,
				C98CC5121E1DE9F6B93C5D0B /* Pods */,
				92F5485CBE377205FE98061F /* Frameworks */,
			);
			sourceTree = "<group>";
		};
		6C49D76B21E1FFEF00EB7024 /* Products */ = {
			isa = PBXGroup;
			children = (
				6C49D76A21E1FFEF00EB7024 /* weet.app */,
			);
			name = Products;
			sourceTree = "<group>";
		};
		6C49D76C21E1FFEF00EB7024 /* weet */ = {
			isa = PBXGroup;
			children = (
				6C5E210821F8983F009708CD /* Extensions */,
				6C26F44121F897AB00F7FEC3 /* TestImages */,
				6CAC6A9C21E7607B00CEF5DD /* Register */,
				6CAC6A9B21E7604D00CEF5DD /* MyPage */,
				6CF5BC8921F6A1970005EA9A /* UserPage */,
				6C49D76D21E1FFEF00EB7024 /* AppDelegate.swift */,
				6C49D76F21E1FFEF00EB7024 /* ViewController.swift */,
				6C49D77121E1FFEF00EB7024 /* Main.storyboard */,
				6C5E210D21F8989C009708CD /* Choice.storyboard */,
				6CB6F56F21ECF65100F0EF93 /* MyTabBarController.swift */,
				6C89303821E24F450092C6DD /* TitleViewController.swift */,
				6C49D78121E2290500EB7024 /* LoginViewController.swift */,
				6C5E210B21F8988D009708CD /* ChoiceViewController.swift */,
				6C49D77421E1FFF100EB7024 /* Assets.xcassets */,
				6C49D77621E1FFF100EB7024 /* LaunchScreen.storyboard */,
				6C49D77921E1FFF100EB7024 /* Info.plist */,
			);
			path = weet;
			sourceTree = "<group>";
		};
		6C5E210821F8983F009708CD /* Extensions */ = {
			isa = PBXGroup;
			children = (
				6C5E210921F89877009708CD /* RoundUIView.swift */,
			);
			path = Extensions;
			sourceTree = "<group>";
		};
		6CAC6A9B21E7604D00CEF5DD /* MyPage */ = {
			isa = PBXGroup;
			children = (
				6C1A680821F01EDD00C3FA6F /* MainViewController.swift */,
				6C4DE80021E62499003BEDCD /* UserProfileViewController.swift */,
				6C1A681021F0220000C3FA6F /* IdealViewController.swift */,
				6C3399A121E6E1A500AA6F0E /* UserImagePreviewTableViewCell.swift */,
				6C3399A221E6E1A500AA6F0E /* UserImagePreviewTableViewCell.xib */,
				6CD6DF9521EB0DBC0072F2FA /* EurekaViewController.swift */,
			);
			path = MyPage;
			sourceTree = "<group>";
		};
		6CAC6A9C21E7607B00CEF5DD /* Register */ = {
			isa = PBXGroup;
			children = (
				6C89303A21E285B50092C6DD /* RegisterPage1ViewController.swift */,
				6C49D77F21E20A3600EB7024 /* RegisterPageViewController.swift */,
				6CEBBD7D21E3856800DD8611 /* ImageSelectViewController.swift */,
				6CEBBD7721E3643B00DD8611 /* DatePickerKeyboard.swift */,
				6CEBBD7B21E3739800DD8611 /* PrefecturesPickerKeyboard.swift */,
				6CEBBD7921E367E000DD8611 /* SexPickerKeyboard.swift */,
			);
			path = Register;
			sourceTree = "<group>";
		};
		6CF5BC8921F6A1970005EA9A /* UserPage */ = {
			isa = PBXGroup;
			children = (
				6CF5BC8721F69ACC0005EA9A /* UserPageViewController.swift */,
				6CC34DEA21F6AAFC00FCDAF0 /* ProfileViewController.swift */,
				6CC34DEE21F6AB7900FCDAF0 /* UserIdealViewController.swift */,
			);
			path = UserPage;
			sourceTree = "<group>";
		};
		92F5485CBE377205FE98061F /* Frameworks */ = {
			isa = PBXGroup;
			children = (
				CC62C5E30CEA860FE9D0728C /* Pods_weet.framework */,
			);
			name = Frameworks;
			sourceTree = "<group>";
		};
		C98CC5121E1DE9F6B93C5D0B /* Pods */ = {
			isa = PBXGroup;
			children = (
				E4AA610E3AE3D043B8AECD9E /* Pods-weet.debug.xcconfig */,
				FD377E1E90577536FDDC14B1 /* Pods-weet.release.xcconfig */,
			);
			name = Pods;
			sourceTree = "<group>";
		};
/* End PBXGroup section */

/* Begin PBXNativeTarget section */
		6C49D76921E1FFEF00EB7024 /* weet */ = {
			isa = PBXNativeTarget;
			buildConfigurationList = 6C49D77C21E1FFF100EB7024 /* Build configuration list for PBXNativeTarget "weet" */;
			buildPhases = (
				DD9F6280221663D077D5C0AF /* [CP] Check Pods Manifest.lock */,
				6C49D76621E1FFEF00EB7024 /* Sources */,
				6C49D76721E1FFEF00EB7024 /* Frameworks */,
				6C49D76821E1FFEF00EB7024 /* Resources */,
				5D70C1FB1EEA868BFB825D57 /* [CP] Embed Pods Frameworks */,
			);
			buildRules = (
			);
			dependencies = (
			);
			name = weet;
			productName = weet;
			productReference = 6C49D76A21E1FFEF00EB7024 /* weet.app */;
			productType = "com.apple.product-type.application";
		};
/* End PBXNativeTarget section */

/* Begin PBXProject section */
		6C49D76221E1FFEF00EB7024 /* Project object */ = {
			isa = PBXProject;
			attributes = {
				LastSwiftUpdateCheck = 1010;
				LastUpgradeCheck = 1010;
				ORGANIZATIONNAME = GS;
				TargetAttributes = {
					6C49D76921E1FFEF00EB7024 = {
						CreatedOnToolsVersion = 10.1;
					};
				};
			};
			buildConfigurationList = 6C49D76521E1FFEF00EB7024 /* Build configuration list for PBXProject "weet" */;
			compatibilityVersion = "Xcode 9.3";
			developmentRegion = en;
			hasScannedForEncodings = 0;
			knownRegions = (
				en,
				Base,
			);
			mainGroup = 6C49D76121E1FFEF00EB7024;
			productRefGroup = 6C49D76B21E1FFEF00EB7024 /* Products */;
			projectDirPath = "";
			projectRoot = "";
			targets = (
				6C49D76921E1FFEF00EB7024 /* weet */,
			);
		};
/* End PBXProject section */

/* Begin PBXResourcesBuildPhase section */
		6C49D76821E1FFEF00EB7024 /* Resources */ = {
			isa = PBXResourcesBuildPhase;
			buildActionMask = 2147483647;
			files = (
				6C5E210321F89830009708CD /* ueeda.jpg in Resources */,
				6C5E210721F89830009708CD /* jihyo.jpg in Resources */,
				6C49D77821E1FFF100EB7024 /* LaunchScreen.storyboard in Resources */,
				6C5E210221F89830009708CD /* rose.jpg in Resources */,
				6C49D77521E1FFF100EB7024 /* Assets.xcassets in Resources */,
				6C49D77321E1FFEF00EB7024 /* Main.storyboard in Resources */,
				6C5E210E21F8989C009708CD /* Choice.storyboard in Resources */,
				6C5E210421F89830009708CD /* ueeda2.jpg in Resources */,
				6C5E210621F89830009708CD /* joy.jpg in Resources */,
				6C5E210521F89830009708CD /* ain.jpg in Resources */,
				6C3399A421E6E1A500AA6F0E /* UserImagePreviewTableViewCell.xib in Resources */,
			);
			runOnlyForDeploymentPostprocessing = 0;
		};
/* End PBXResourcesBuildPhase section */

/* Begin PBXShellScriptBuildPhase section */
		5D70C1FB1EEA868BFB825D57 /* [CP] Embed Pods Frameworks */ = {
			isa = PBXShellScriptBuildPhase;
			buildActionMask = 2147483647;
			files = (
			);
			inputFileListPaths = (
			);
			inputPaths = (
				"${SRCROOT}/Pods/Target Support Files/Pods-weet/Pods-weet-frameworks.sh",
				"${BUILT_PRODUCTS_DIR}/Alamofire/Alamofire.framework",
				"${BUILT_PRODUCTS_DIR}/Eureka/Eureka.framework",
				"${BUILT_PRODUCTS_DIR}/ImageRow/ImageRow.framework",
				"${BUILT_PRODUCTS_DIR}/SwiftyJSON/SwiftyJSON.framework",
				"${BUILT_PRODUCTS_DIR}/XLPagerTabStrip/XLPagerTabStrip.framework",
			);
			name = "[CP] Embed Pods Frameworks";
			outputFileListPaths = (
			);
			outputPaths = (
				"${TARGET_BUILD_DIR}/${FRAMEWORKS_FOLDER_PATH}/Alamofire.framework",
				"${TARGET_BUILD_DIR}/${FRAMEWORKS_FOLDER_PATH}/Eureka.framework",
				"${TARGET_BUILD_DIR}/${FRAMEWORKS_FOLDER_PATH}/ImageRow.framework",
				"${TARGET_BUILD_DIR}/${FRAMEWORKS_FOLDER_PATH}/SwiftyJSON.framework",
				"${TARGET_BUILD_DIR}/${FRAMEWORKS_FOLDER_PATH}/XLPagerTabStrip.framework",
			);
			runOnlyForDeploymentPostprocessing = 0;
			shellPath = /bin/sh;
			shellScript = "\"${SRCROOT}/Pods/Target Support Files/Pods-weet/Pods-weet-frameworks.sh\"\n";
			showEnvVarsInLog = 0;
		};
		DD9F6280221663D077D5C0AF /* [CP] Check Pods Manifest.lock */ = {
			isa = PBXShellScriptBuildPhase;
			buildActionMask = 2147483647;
			files = (
			);
			inputFileListPaths = (
			);
			inputPaths = (
				"${PODS_PODFILE_DIR_PATH}/Podfile.lock",
				"${PODS_ROOT}/Manifest.lock",
			);
			name = "[CP] Check Pods Manifest.lock";
			outputFileListPaths = (
			);
			outputPaths = (
				"$(DERIVED_FILE_DIR)/Pods-weet-checkManifestLockResult.txt",
			);
			runOnlyForDeploymentPostprocessing = 0;
			shellPath = /bin/sh;
			shellScript = "diff \"${PODS_PODFILE_DIR_PATH}/Podfile.lock\" \"${PODS_ROOT}/Manifest.lock\" > /dev/null\nif [ $? != 0 ] ; then\n    # print error to STDERR\n    echo \"error: The sandbox is not in sync with the Podfile.lock. Run 'pod install' or update your CocoaPods installation.\" >&2\n    exit 1\nfi\n# This output is used by Xcode 'outputs' to avoid re-running this script phase.\necho \"SUCCESS\" > \"${SCRIPT_OUTPUT_FILE_0}\"\n";
			showEnvVarsInLog = 0;
		};
/* End PBXShellScriptBuildPhase section */

/* Begin PBXSourcesBuildPhase section */
		6C49D76621E1FFEF00EB7024 /* Sources */ = {
			isa = PBXSourcesBuildPhase;
			buildActionMask = 2147483647;
			files = (
				6CD6DF9621EB0DBC0072F2FA /* EurekaViewController.swift in Sources */,
				6C5E210A21F89877009708CD /* RoundUIView.swift in Sources */,
				6C49D78221E2290500EB7024 /* LoginViewController.swift in Sources */,
				6C3399A321E6E1A500AA6F0E /* UserImagePreviewTableViewCell.swift in Sources */,
				6CF5BC8821F69ACC0005EA9A /* UserPageViewController.swift in Sources */,
				6C1A681121F0220000C3FA6F /* IdealViewController.swift in Sources */,
				6C5E210C21F8988D009708CD /* ChoiceViewController.swift in Sources */,
				6CEBBD7A21E367E000DD8611 /* SexPickerKeyboard.swift in Sources */,
				6CC34DEB21F6AAFC00FCDAF0 /* ProfileViewController.swift in Sources */,
				6C49D77021E1FFEF00EB7024 /* ViewController.swift in Sources */,
				6C89303B21E285B50092C6DD /* RegisterPage1ViewController.swift in Sources */,
				6CC34DEF21F6AB7900FCDAF0 /* UserIdealViewController.swift in Sources */,
				6CEBBD7821E3643B00DD8611 /* DatePickerKeyboard.swift in Sources */,
				6CEBBD7C21E3739800DD8611 /* PrefecturesPickerKeyboard.swift in Sources */,
				6C49D76E21E1FFEF00EB7024 /* AppDelegate.swift in Sources */,
				6C1A680921F01EDD00C3FA6F /* MainViewController.swift in Sources */,
				6C49D78021E20A3600EB7024 /* RegisterPageViewController.swift in Sources */,
				6CEBBD7E21E3856800DD8611 /* ImageSelectViewController.swift in Sources */,
				6C4DE80121E62499003BEDCD /* UserProfileViewController.swift in Sources */,
				6C89303921E24F450092C6DD /* TitleViewController.swift in Sources */,
				6CB6F57021ECF65100F0EF93 /* MyTabBarController.swift in Sources */,
			);
			runOnlyForDeploymentPostprocessing = 0;
		};
/* End PBXSourcesBuildPhase section */

/* Begin PBXVariantGroup section */
		6C49D77121E1FFEF00EB7024 /* Main.storyboard */ = {
			isa = PBXVariantGroup;
			children = (
				6C49D77221E1FFEF00EB7024 /* Base */,
			);
			name = Main.storyboard;
			sourceTree = "<group>";
		};
		6C49D77621E1FFF100EB7024 /* LaunchScreen.storyboard */ = {
			isa = PBXVariantGroup;
			children = (
				6C49D77721E1FFF100EB7024 /* Base */,
			);
			name = LaunchScreen.storyboard;
			sourceTree = "<group>";
		};
/* End PBXVariantGroup section */

/* Begin XCBuildConfiguration section */
		6C49D77A21E1FFF100EB7024 /* Debug */ = {
			isa = XCBuildConfiguration;
			buildSettings = {
				ALWAYS_SEARCH_USER_PATHS = NO;
				CLANG_ANALYZER_NONNULL = YES;
				CLANG_ANALYZER_NUMBER_OBJECT_CONVERSION = YES_AGGRESSIVE;
				CLANG_CXX_LANGUAGE_STANDARD = "gnu++14";
				CLANG_CXX_LIBRARY = "libc++";
				CLANG_ENABLE_MODULES = YES;
				CLANG_ENABLE_OBJC_ARC = YES;
				CLANG_ENABLE_OBJC_WEAK = YES;
				CLANG_WARN_BLOCK_CAPTURE_AUTORELEASING = YES;
				CLANG_WARN_BOOL_CONVERSION = YES;
				CLANG_WARN_COMMA = YES;
				CLANG_WARN_CONSTANT_CONVERSION = YES;
				CLANG_WARN_DEPRECATED_OBJC_IMPLEMENTATIONS = YES;
				CLANG_WARN_DIRECT_OBJC_ISA_USAGE = YES_ERROR;
				CLANG_WARN_DOCUMENTATION_COMMENTS = YES;
				CLANG_WARN_EMPTY_BODY = YES;
				CLANG_WARN_ENUM_CONVERSION = YES;
				CLANG_WARN_INFINITE_RECURSION = YES;
				CLANG_WARN_INT_CONVERSION = YES;
				CLANG_WARN_NON_LITERAL_NULL_CONVERSION = YES;
				CLANG_WARN_OBJC_IMPLICIT_RETAIN_SELF = YES;
				CLANG_WARN_OBJC_LITERAL_CONVERSION = YES;
				CLANG_WARN_OBJC_ROOT_CLASS = YES_ERROR;
				CLANG_WARN_RANGE_LOOP_ANALYSIS = YES;
				CLANG_WARN_STRICT_PROTOTYPES = YES;
				CLANG_WARN_SUSPICIOUS_MOVE = YES;
				CLANG_WARN_UNGUARDED_AVAILABILITY = YES_AGGRESSIVE;
				CLANG_WARN_UNREACHABLE_CODE = YES;
				CLANG_WARN__DUPLICATE_METHOD_MATCH = YES;
				CODE_SIGN_IDENTITY = "iPhone Developer";
				COPY_PHASE_STRIP = NO;
				DEBUG_INFORMATION_FORMAT = dwarf;
				ENABLE_STRICT_OBJC_MSGSEND = YES;
				ENABLE_TESTABILITY = YES;
				GCC_C_LANGUAGE_STANDARD = gnu11;
				GCC_DYNAMIC_NO_PIC = NO;
				GCC_NO_COMMON_BLOCKS = YES;
				GCC_OPTIMIZATION_LEVEL = 0;
				GCC_PREPROCESSOR_DEFINITIONS = (
					"DEBUG=1",
					"$(inherited)",
				);
				GCC_WARN_64_TO_32_BIT_CONVERSION = YES;
				GCC_WARN_ABOUT_RETURN_TYPE = YES_ERROR;
				GCC_WARN_UNDECLARED_SELECTOR = YES;
				GCC_WARN_UNINITIALIZED_AUTOS = YES_AGGRESSIVE;
				GCC_WARN_UNUSED_FUNCTION = YES;
				GCC_WARN_UNUSED_VARIABLE = YES;
				IPHONEOS_DEPLOYMENT_TARGET = 12.1;
				MTL_ENABLE_DEBUG_INFO = INCLUDE_SOURCE;
				MTL_FAST_MATH = YES;
				ONLY_ACTIVE_ARCH = YES;
				SDKROOT = iphoneos;
				SWIFT_ACTIVE_COMPILATION_CONDITIONS = DEBUG;
				SWIFT_OPTIMIZATION_LEVEL = "-Onone";
			};
			name = Debug;
		};
		6C49D77B21E1FFF100EB7024 /* Release */ = {
			isa = XCBuildConfiguration;
			buildSettings = {
				ALWAYS_SEARCH_USER_PATHS = NO;
				CLANG_ANALYZER_NONNULL = YES;
				CLANG_ANALYZER_NUMBER_OBJECT_CONVERSION = YES_AGGRESSIVE;
				CLANG_CXX_LANGUAGE_STANDARD = "gnu++14";
				CLANG_CXX_LIBRARY = "libc++";
				CLANG_ENABLE_MODULES = YES;
				CLANG_ENABLE_OBJC_ARC = YES;
				CLANG_ENABLE_OBJC_WEAK = YES;
				CLANG_WARN_BLOCK_CAPTURE_AUTORELEASING = YES;
				CLANG_WARN_BOOL_CONVERSION = YES;
				CLANG_WARN_COMMA = YES;
				CLANG_WARN_CONSTANT_CONVERSION = YES;
				CLANG_WARN_DEPRECATED_OBJC_IMPLEMENTATIONS = YES;
				CLANG_WARN_DIRECT_OBJC_ISA_USAGE = YES_ERROR;
				CLANG_WARN_DOCUMENTATION_COMMENTS = YES;
				CLANG_WARN_EMPTY_BODY = YES;
				CLANG_WARN_ENUM_CONVERSION = YES;
				CLANG_WARN_INFINITE_RECURSION = YES;
				CLANG_WARN_INT_CONVERSION = YES;
				CLANG_WARN_NON_LITERAL_NULL_CONVERSION = YES;
				CLANG_WARN_OBJC_IMPLICIT_RETAIN_SELF = YES;
				CLANG_WARN_OBJC_LITERAL_CONVERSION = YES;
				CLANG_WARN_OBJC_ROOT_CLASS = YES_ERROR;
				CLANG_WARN_RANGE_LOOP_ANALYSIS = YES;
				CLANG_WARN_STRICT_PROTOTYPES = YES;
				CLANG_WARN_SUSPICIOUS_MOVE = YES;
				CLANG_WARN_UNGUARDED_AVAILABILITY = YES_AGGRESSIVE;
				CLANG_WARN_UNREACHABLE_CODE = YES;
				CLANG_WARN__DUPLICATE_METHOD_MATCH = YES;
				CODE_SIGN_IDENTITY = "iPhone Developer";
				COPY_PHASE_STRIP = NO;
				DEBUG_INFORMATION_FORMAT = "dwarf-with-dsym";
				ENABLE_NS_ASSERTIONS = NO;
				ENABLE_STRICT_OBJC_MSGSEND = YES;
				GCC_C_LANGUAGE_STANDARD = gnu11;
				GCC_NO_COMMON_BLOCKS = YES;
				GCC_WARN_64_TO_32_BIT_CONVERSION = YES;
				GCC_WARN_ABOUT_RETURN_TYPE = YES_ERROR;
				GCC_WARN_UNDECLARED_SELECTOR = YES;
				GCC_WARN_UNINITIALIZED_AUTOS = YES_AGGRESSIVE;
				GCC_WARN_UNUSED_FUNCTION = YES;
				GCC_WARN_UNUSED_VARIABLE = YES;
				IPHONEOS_DEPLOYMENT_TARGET = 12.1;
				MTL_ENABLE_DEBUG_INFO = NO;
				MTL_FAST_MATH = YES;
				SDKROOT = iphoneos;
				SWIFT_COMPILATION_MODE = wholemodule;
				SWIFT_OPTIMIZATION_LEVEL = "-O";
				VALIDATE_PRODUCT = YES;
			};
			name = Release;
		};
		6C49D77D21E1FFF100EB7024 /* Debug */ = {
			isa = XCBuildConfiguration;
			baseConfigurationReference = E4AA610E3AE3D043B8AECD9E /* Pods-weet.debug.xcconfig */;
			buildSettings = {
				ASSETCATALOG_COMPILER_APPICON_NAME = AppIcon;
				CODE_SIGN_STYLE = Automatic;
				DEVELOPMENT_TEAM = 2YTN295Q5U;
				INFOPLIST_FILE = weet/Info.plist;
				LD_RUNPATH_SEARCH_PATHS = (
					"$(inherited)",
					"@executable_path/Frameworks",
				);
				PRODUCT_BUNDLE_IDENTIFIER = com.gmail.shima4619.weet;
				PRODUCT_NAME = "$(TARGET_NAME)";
				SWIFT_VERSION = 4.2;
				TARGETED_DEVICE_FAMILY = "1,2";
			};
			name = Debug;
		};
		6C49D77E21E1FFF100EB7024 /* Release */ = {
			isa = XCBuildConfiguration;
			baseConfigurationReference = FD377E1E90577536FDDC14B1 /* Pods-weet.release.xcconfig */;
			buildSettings = {
				ASSETCATALOG_COMPILER_APPICON_NAME = AppIcon;
				CODE_SIGN_STYLE = Automatic;
				DEVELOPMENT_TEAM = 2YTN295Q5U;
				INFOPLIST_FILE = weet/Info.plist;
				LD_RUNPATH_SEARCH_PATHS = (
					"$(inherited)",
					"@executable_path/Frameworks",
				);
				PRODUCT_BUNDLE_IDENTIFIER = com.gmail.shima4619.weet;
				PRODUCT_NAME = "$(TARGET_NAME)";
				SWIFT_VERSION = 4.2;
				TARGETED_DEVICE_FAMILY = "1,2";
			};
			name = Release;
		};
/* End XCBuildConfiguration section */

/* Begin XCConfigurationList section */
		6C49D76521E1FFEF00EB7024 /* Build configuration list for PBXProject "weet" */ = {
			isa = XCConfigurationList;
			buildConfigurations = (
				6C49D77A21E1FFF100EB7024 /* Debug */,
				6C49D77B21E1FFF100EB7024 /* Release */,
			);
			defaultConfigurationIsVisible = 0;
			defaultConfigurationName = Release;
		};
		6C49D77C21E1FFF100EB7024 /* Build configuration list for PBXNativeTarget "weet" */ = {
			isa = XCConfigurationList;
			buildConfigurations = (
				6C49D77D21E1FFF100EB7024 /* Debug */,
				6C49D77E21E1FFF100EB7024 /* Release */,
			);
			defaultConfigurationIsVisible = 0;
			defaultConfigurationName = Release;
		};
/* End XCConfigurationList section */
	};
	rootObject = 6C49D76221E1FFEF00EB7024 /* Project object */;
}
